PODS:
  - CommonTableCollectView (0.0.1)

DEPENDENCIES:
  - CommonTableCollectView (from `https://github.com/harde1/CommonTableCollectView`)

EXTERNAL SOURCES:
  CommonTableCollectView:
    :git: https://github.com/harde1/CommonTableCollectView

CHECKOUT OPTIONS:
  CommonTableCollectView:
    :commit: 90e08ca2c9296369696ba147286bf0ac74b60a37
    :git: https://github.com/harde1/CommonTableCollectView

SPEC CHECKSUMS:
  CommonTableCollectView: 113703763cc2bce22b5aa14b86396e208fb20747

COCOAPODS: 0.38.2
