PODS:
  - CommonTableCollectView (0.0.1)
  - Masonry (0.6.3)

DEPENDENCIES:
  - CommonTableCollectView (from `https://github.com/harde1/CommonTableCollectView`)
  - Masonry (~> 0.6.3)

EXTERNAL SOURCES:
  CommonTableCollectView:
    :git: https://github.com/harde1/CommonTableCollectView

CHECKOUT OPTIONS:
  CommonTableCollectView:
    :commit: 51508371c9e8e79449045019517eeb7b5db0748f
    :git: https://github.com/harde1/CommonTableCollectView

SPEC CHECKSUMS:
  CommonTableCollectView: a4b82987f2fc03ba3d6b63ba920d120137df6311
  Masonry: ff105a956abcd19a618b2028b121cb638d7a8e2f

COCOAPODS: 0.39.0
